
Microsoft Visual Studio Solution File, Format Version 12.00
# Visual Studio Version 17
VisualStudioVersion = 17.3.32721.290
MinimumVisualStudioVersion = 10.0.40219.1
Project("{FAE04EC0-301F-11D3-BF4B-00C04F79EFBC}") = "Method", "Method\Method.csproj", "{1DAE6CFC-BD79-4DBE-BD05-8F37E64AC6BC}"
EndProject
Global
	GlobalSection(SolutionConfigurationPlatforms) = preSolution
		Debug|Any CPU = Debug|Any CPU
		Release|Any CPU = Release|Any CPU
	EndGlobalSection
	GlobalSection(ProjectConfigurationPlatforms) = postSolution
		{1DAE6CFC-BD79-4DBE-BD05-8F37E64AC6BC}.Debug|Any CPU.ActiveCfg = Debug|Any CPU
		{1DAE6CFC-BD79-4DBE-BD05-8F37E64AC6BC}.Debug|Any CPU.Build.0 = Debug|Any CPU
		{1DAE6CFC-BD79-4DBE-BD05-8F37E64AC6BC}.Release|Any CPU.ActiveCfg = Release|Any CPU
		{1DAE6CFC-BD79-4DBE-BD05-8F37E64AC6BC}.Release|Any CPU.Build.0 = Release|Any CPU
	EndGlobalSection
	GlobalSection(SolutionProperties) = preSolution
		HideSolutionNode = FALSE
	EndGlobalSection
	GlobalSection(ExtensibilityGlobals) = postSolution
		SolutionGuid = {D5C5754A-29AC-47EB-833F-807387DC4BCC}
	EndGlobalSection
EndGlobal
